
Microsoft Visual Studio Solution File, Format Version 12.00
# Visual Studio Version 16
VisualStudioVersion = 16.0.28803.156
MinimumVisualStudioVersion = 10.0.40219.1
Project("{FAE04EC0-301F-11D3-BF4B-00C04F79EFBC}") = "Floor Price Calculator", "Floor Price Calculator\Floor Price Calculator.csproj", "{903E05F0-A5A2-4FBA-AFEE-194E62E56FBA}"
EndProject
Global
	GlobalSection(SolutionConfigurationPlatforms) = preSolution
		Debug|Any CPU = Debug|Any CPU
		Release|Any CPU = Release|Any CPU
	EndGlobalSection
	GlobalSection(ProjectConfigurationPlatforms) = postSolution
		{903E05F0-A5A2-4FBA-AFEE-194E62E56FBA}.Debug|Any CPU.ActiveCfg = Debug|Any CPU
		{903E05F0-A5A2-4FBA-AFEE-194E62E56FBA}.Debug|Any CPU.Build.0 = Debug|Any CPU
		{903E05F0-A5A2-4FBA-AFEE-194E62E56FBA}.Release|Any CPU.ActiveCfg = Release|Any CPU
		{903E05F0-A5A2-4FBA-AFEE-194E62E56FBA}.Release|Any CPU.Build.0 = Release|Any CPU
	EndGlobalSection
	GlobalSection(SolutionProperties) = preSolution
		HideSolutionNode = FALSE
	EndGlobalSection
	GlobalSection(ExtensibilityGlobals) = postSolution
		SolutionGuid = {986E634D-C413-4F27-B8C4-9D4A6C4491AE}
	EndGlobalSection
EndGlobal
